
Microsoft Visual Studio Solution File, Format Version 12.00
# Visual Studio Version 16
VisualStudioVersion = 16.0.31624.102
MinimumVisualStudioVersion = 10.0.40219.1
Project("{9A19103F-16F7-4668-BE54-9A1E7A4F7556}") = "Sport.Network.Api", "Sport.Network.Api\Sport.Network.Api.csproj", "{EADED225-84D9-4CEB-A02C-465AA9BC71C0}"
EndProject
Project("{FAE04EC0-301F-11D3-BF4B-00C04F79EFBC}") = "Sport.Network.Domain", "Sport.Network.Domain\Sport.Network.Domain.csproj", "{5A69422B-EE7E-487B-8FD8-A248F0B73294}"
EndProject
Project("{FAE04EC0-301F-11D3-BF4B-00C04F79EFBC}") = "Sport.Network.Infrastucture", "Sport.Network.Infrastucture\Sport.Network.Infrastucture.csproj", "{C10E2BDD-9318-4637-80F7-8AFE937845AA}"
EndProject
Project("{FAE04EC0-301F-11D3-BF4B-00C04F79EFBC}") = "Sport.Network.Tests", "Sport.Network.Tests\Sport.Network.Tests.csproj", "{619402E9-0531-41E4-800E-468C03418024}"
EndProject
Global
	GlobalSection(SolutionConfigurationPlatforms) = preSolution
		Debug|Any CPU = Debug|Any CPU
		Release|Any CPU = Release|Any CPU
	EndGlobalSection
	GlobalSection(ProjectConfigurationPlatforms) = postSolution
		{EADED225-84D9-4CEB-A02C-465AA9BC71C0}.Debug|Any CPU.ActiveCfg = Debug|Any CPU
		{EADED225-84D9-4CEB-A02C-465AA9BC71C0}.Debug|Any CPU.Build.0 = Debug|Any CPU
		{EADED225-84D9-4CEB-A02C-465AA9BC71C0}.Release|Any CPU.ActiveCfg = Release|Any CPU
		{EADED225-84D9-4CEB-A02C-465AA9BC71C0}.Release|Any CPU.Build.0 = Release|Any CPU
		{5A69422B-EE7E-487B-8FD8-A248F0B73294}.Debug|Any CPU.ActiveCfg = Debug|Any CPU
		{5A69422B-EE7E-487B-8FD8-A248F0B73294}.Debug|Any CPU.Build.0 = Debug|Any CPU
		{5A69422B-EE7E-487B-8FD8-A248F0B73294}.Release|Any CPU.ActiveCfg = Release|Any CPU
		{5A69422B-EE7E-487B-8FD8-A248F0B73294}.Release|Any CPU.Build.0 = Release|Any CPU
		{C10E2BDD-9318-4637-80F7-8AFE937845AA}.Debug|Any CPU.ActiveCfg = Debug|Any CPU
		{C10E2BDD-9318-4637-80F7-8AFE937845AA}.Debug|Any CPU.Build.0 = Debug|Any CPU
		{C10E2BDD-9318-4637-80F7-8AFE937845AA}.Release|Any CPU.ActiveCfg = Release|Any CPU
		{C10E2BDD-9318-4637-80F7-8AFE937845AA}.Release|Any CPU.Build.0 = Release|Any CPU
		{619402E9-0531-41E4-800E-468C03418024}.Debug|Any CPU.ActiveCfg = Debug|Any CPU
		{619402E9-0531-41E4-800E-468C03418024}.Debug|Any CPU.Build.0 = Debug|Any CPU
		{619402E9-0531-41E4-800E-468C03418024}.Release|Any CPU.ActiveCfg = Release|Any CPU
		{619402E9-0531-41E4-800E-468C03418024}.Release|Any CPU.Build.0 = Release|Any CPU
	EndGlobalSection
	GlobalSection(SolutionProperties) = preSolution
		HideSolutionNode = FALSE
	EndGlobalSection
	GlobalSection(ExtensibilityGlobals) = postSolution
		SolutionGuid = {B84C52D6-C3C8-4007-8B90-CF6082847CDF}
	EndGlobalSection
EndGlobal
